
Microsoft Visual Studio Solution File, Format Version 12.00
# Visual Studio 14
VisualStudioVersion = 14.0.23107.0
MinimumVisualStudioVersion = 10.0.40219.1
Project("{FAE04EC0-301F-11D3-BF4B-00C04F79EFBC}") = "ProductManagement.datalayer", "ProductManagement.datalayer\ProductManagement.datalayer.csproj", "{15142D14-5DF3-495E-A82E-3D89F3ED4B82}"
EndProject
Project("{FAE04EC0-301F-11D3-BF4B-00C04F79EFBC}") = "ProductManagement.client", "ProductManagement.client\ProductManagement.client.csproj", "{D86F9B5D-19AC-4344-A91F-77821DBAABD1}"
EndProject
Project("{FAE04EC0-301F-11D3-BF4B-00C04F79EFBC}") = "ProductManagement.domain", "ProductManagement.domain\ProductManagement.domain.csproj", "{C689EEF5-5038-408A-AB77-75F5655D6CBF}"
EndProject
Project("{FAE04EC0-301F-11D3-BF4B-00C04F79EFBC}") = "ProductManagement.api", "ProductManagement.api\ProductManagement.api.csproj", "{755F6CFB-727D-4574-A6BE-CECEC34B4B1F}"
EndProject
Global
	GlobalSection(SolutionConfigurationPlatforms) = preSolution
		Debug|Any CPU = Debug|Any CPU
		Release|Any CPU = Release|Any CPU
	EndGlobalSection
	GlobalSection(ProjectConfigurationPlatforms) = postSolution
		{15142D14-5DF3-495E-A82E-3D89F3ED4B82}.Debug|Any CPU.ActiveCfg = Debug|Any CPU
		{15142D14-5DF3-495E-A82E-3D89F3ED4B82}.Debug|Any CPU.Build.0 = Debug|Any CPU
		{15142D14-5DF3-495E-A82E-3D89F3ED4B82}.Release|Any CPU.ActiveCfg = Release|Any CPU
		{15142D14-5DF3-495E-A82E-3D89F3ED4B82}.Release|Any CPU.Build.0 = Release|Any CPU
		{D86F9B5D-19AC-4344-A91F-77821DBAABD1}.Debug|Any CPU.ActiveCfg = Debug|Any CPU
		{D86F9B5D-19AC-4344-A91F-77821DBAABD1}.Debug|Any CPU.Build.0 = Debug|Any CPU
		{D86F9B5D-19AC-4344-A91F-77821DBAABD1}.Release|Any CPU.ActiveCfg = Release|Any CPU
		{D86F9B5D-19AC-4344-A91F-77821DBAABD1}.Release|Any CPU.Build.0 = Release|Any CPU
		{C689EEF5-5038-408A-AB77-75F5655D6CBF}.Debug|Any CPU.ActiveCfg = Debug|Any CPU
		{C689EEF5-5038-408A-AB77-75F5655D6CBF}.Debug|Any CPU.Build.0 = Debug|Any CPU
		{C689EEF5-5038-408A-AB77-75F5655D6CBF}.Release|Any CPU.ActiveCfg = Release|Any CPU
		{C689EEF5-5038-408A-AB77-75F5655D6CBF}.Release|Any CPU.Build.0 = Release|Any CPU
		{755F6CFB-727D-4574-A6BE-CECEC34B4B1F}.Debug|Any CPU.ActiveCfg = Debug|Any CPU
		{755F6CFB-727D-4574-A6BE-CECEC34B4B1F}.Debug|Any CPU.Build.0 = Debug|Any CPU
		{755F6CFB-727D-4574-A6BE-CECEC34B4B1F}.Release|Any CPU.ActiveCfg = Release|Any CPU
		{755F6CFB-727D-4574-A6BE-CECEC34B4B1F}.Release|Any CPU.Build.0 = Release|Any CPU
	EndGlobalSection
	GlobalSection(SolutionProperties) = preSolution
		HideSolutionNode = FALSE
	EndGlobalSection
EndGlobal
